// !$*UTF8*$!
{
	archiveVersion = 1;
	classes = {
	};
	objectVersion = 52;
	objects = {

/* Begin PBXBuildFile section */
		6704D9B9238C3EF1006380A9 /* AppDelegate.swift in Sources */ = {isa = PBXBuildFile; fileRef = 6704D9B8238C3EF1006380A9 /* AppDelegate.swift */; };
		6704D9BB238C3EF1006380A9 /* LEDStripView.swift in Sources */ = {isa = PBXBuildFile; fileRef = 6704D9BA238C3EF1006380A9 /* LEDStripView.swift */; };
		6704D9BD238C3EF2006380A9 /* Assets.xcassets in Resources */ = {isa = PBXBuildFile; fileRef = 6704D9BC238C3EF2006380A9 /* Assets.xcassets */; };
		6704D9C0238C3EF2006380A9 /* Preview Assets.xcassets in Resources */ = {isa = PBXBuildFile; fileRef = 6704D9BF238C3EF2006380A9 /* Preview Assets.xcassets */; };
		6704D9C3238C3EF3006380A9 /* Main.storyboard in Resources */ = {isa = PBXBuildFile; fileRef = 6704D9C1238C3EF3006380A9 /* Main.storyboard */; };
		6704D9CD238C3F24006380A9 /* SwiftLED in Frameworks */ = {isa = PBXBuildFile; productRef = 6704D9CC238C3F24006380A9 /* SwiftLED */; };
		6704D9CF238C5F00006380A9 /* LEDView.swift in Sources */ = {isa = PBXBuildFile; fileRef = 6704D9CE238C5F00006380A9 /* LEDView.swift */; };
		6704D9D1238C6008006380A9 /* LEDExampleRoutine.swift in Sources */ = {isa = PBXBuildFile; fileRef = 6704D9D0238C6008006380A9 /* LEDExampleRoutine.swift */; };
/* End PBXBuildFile section */

/* Begin PBXFileReference section */
		6704D9B5238C3EF1006380A9 /* SwiftLEDSimulator.app */ = {isa = PBXFileReference; explicitFileType = wrapper.application; includeInIndex = 0; path = SwiftLEDSimulator.app; sourceTree = BUILT_PRODUCTS_DIR; };
		6704D9B8238C3EF1006380A9 /* AppDelegate.swift */ = {isa = PBXFileReference; lastKnownFileType = sourcecode.swift; path = AppDelegate.swift; sourceTree = "<group>"; };
		6704D9BA238C3EF1006380A9 /* LEDStripView.swift */ = {isa = PBXFileReference; lastKnownFileType = sourcecode.swift; path = LEDStripView.swift; sourceTree = "<group>"; };
		6704D9BC238C3EF2006380A9 /* Assets.xcassets */ = {isa = PBXFileReference; lastKnownFileType = folder.assetcatalog; path = Assets.xcassets; sourceTree = "<group>"; };
		6704D9BF238C3EF2006380A9 /* Preview Assets.xcassets */ = {isa = PBXFileReference; lastKnownFileType = folder.assetcatalog; path = "Preview Assets.xcassets"; sourceTree = "<group>"; };
		6704D9C2238C3EF3006380A9 /* Base */ = {isa = PBXFileReference; lastKnownFileType = file.storyboard; name = Base; path = Base.lproj/Main.storyboard; sourceTree = "<group>"; };
		6704D9C4238C3EF3006380A9 /* Info.plist */ = {isa = PBXFileReference; lastKnownFileType = text.plist.xml; path = Info.plist; sourceTree = "<group>"; };
		6704D9C5238C3EF3006380A9 /* SwiftLEDSimulator.entitlements */ = {isa = PBXFileReference; lastKnownFileType = text.plist.entitlements; path = SwiftLEDSimulator.entitlements; sourceTree = "<group>"; };
		6704D9CE238C5F00006380A9 /* LEDView.swift */ = {isa = PBXFileReference; lastKnownFileType = sourcecode.swift; path = LEDView.swift; sourceTree = "<group>"; };
		6704D9D0238C6008006380A9 /* LEDExampleRoutine.swift */ = {isa = PBXFileReference; lastKnownFileType = sourcecode.swift; path = LEDExampleRoutine.swift; sourceTree = "<group>"; };
/* End PBXFileReference section */

/* Begin PBXFrameworksBuildPhase section */
		6704D9B2238C3EF1006380A9 /* Frameworks */ = {
			isa = PBXFrameworksBuildPhase;
			buildActionMask = 2147483647;
			files = (
				6704D9CD238C3F24006380A9 /* SwiftLED in Frameworks */,
			);
			runOnlyForDeploymentPostprocessing = 0;
		};
/* End PBXFrameworksBuildPhase section */

/* Begin PBXGroup section */
		6704D9AC238C3EF1006380A9 = {
			isa = PBXGroup;
			children = (
				6704D9B7238C3EF1006380A9 /* SwiftLEDSimulator */,
				6704D9B6238C3EF1006380A9 /* Products */,
			);
			sourceTree = "<group>";
		};
		6704D9B6238C3EF1006380A9 /* Products */ = {
			isa = PBXGroup;
			children = (
				6704D9B5238C3EF1006380A9 /* SwiftLEDSimulator.app */,
			);
			name = Products;
			sourceTree = "<group>";
		};
		6704D9B7238C3EF1006380A9 /* SwiftLEDSimulator */ = {
			isa = PBXGroup;
			children = (
				6704D9B8238C3EF1006380A9 /* AppDelegate.swift */,
				6704D9D0238C6008006380A9 /* LEDExampleRoutine.swift */,
				6704D9BA238C3EF1006380A9 /* LEDStripView.swift */,
				6704D9CE238C5F00006380A9 /* LEDView.swift */,
				6704D9BC238C3EF2006380A9 /* Assets.xcassets */,
				6704D9C1238C3EF3006380A9 /* Main.storyboard */,
				6704D9C4238C3EF3006380A9 /* Info.plist */,
				6704D9C5238C3EF3006380A9 /* SwiftLEDSimulator.entitlements */,
				6704D9BE238C3EF2006380A9 /* Preview Content */,
			);
			path = SwiftLEDSimulator;
			sourceTree = "<group>";
		};
		6704D9BE238C3EF2006380A9 /* Preview Content */ = {
			isa = PBXGroup;
			children = (
				6704D9BF238C3EF2006380A9 /* Preview Assets.xcassets */,
			);
			path = "Preview Content";
			sourceTree = "<group>";
		};
/* End PBXGroup section */

/* Begin PBXNativeTarget section */
		6704D9B4238C3EF1006380A9 /* SwiftLEDSimulator */ = {
			isa = PBXNativeTarget;
			buildConfigurationList = 6704D9C8238C3EF3006380A9 /* Build configuration list for PBXNativeTarget "SwiftLEDSimulator" */;
			buildPhases = (
				6704D9B1238C3EF1006380A9 /* Sources */,
				6704D9B2238C3EF1006380A9 /* Frameworks */,
				6704D9B3238C3EF1006380A9 /* Resources */,
			);
			buildRules = (
			);
			dependencies = (
			);
			name = SwiftLEDSimulator;
			packageProductDependencies = (
				6704D9CC238C3F24006380A9 /* SwiftLED */,
			);
			productName = SwiftLEDSimulator;
			productReference = 6704D9B5238C3EF1006380A9 /* SwiftLEDSimulator.app */;
			productType = "com.apple.product-type.application";
		};
/* End PBXNativeTarget section */

/* Begin PBXProject section */
		6704D9AD238C3EF1006380A9 /* Project object */ = {
			isa = PBXProject;
			attributes = {
				LastSwiftUpdateCheck = 1120;
				LastUpgradeCheck = 1120;
				ORGANIZATIONNAME = "Kevin Brewster";
				TargetAttributes = {
					6704D9B4238C3EF1006380A9 = {
						CreatedOnToolsVersion = 11.2.1;
					};
				};
			};
			buildConfigurationList = 6704D9B0238C3EF1006380A9 /* Build configuration list for PBXProject "SwiftLEDSimulator" */;
			compatibilityVersion = "Xcode 9.3";
			developmentRegion = en;
			hasScannedForEncodings = 0;
			knownRegions = (
				en,
				Base,
			);
			mainGroup = 6704D9AC238C3EF1006380A9;
			packageReferences = (
				6704D9CB238C3F24006380A9 /* XCRemoteSwiftPackageReference "SwiftLED" */,
			);
			productRefGroup = 6704D9B6238C3EF1006380A9 /* Products */;
			projectDirPath = "";
			projectRoot = "";
			targets = (
				6704D9B4238C3EF1006380A9 /* SwiftLEDSimulator */,
			);
		};
/* End PBXProject section */

/* Begin PBXResourcesBuildPhase section */
		6704D9B3238C3EF1006380A9 /* Resources */ = {
			isa = PBXResourcesBuildPhase;
			buildActionMask = 2147483647;
			files = (
				6704D9C3238C3EF3006380A9 /* Main.storyboard in Resources */,
				6704D9C0238C3EF2006380A9 /* Preview Assets.xcassets in Resources */,
				6704D9BD238C3EF2006380A9 /* Assets.xcassets in Resources */,
			);
			runOnlyForDeploymentPostprocessing = 0;
		};
/* End PBXResourcesBuildPhase section */

/* Begin PBXSourcesBuildPhase section */
		6704D9B1238C3EF1006380A9 /* Sources */ = {
			isa = PBXSourcesBuildPhase;
			buildActionMask = 2147483647;
			files = (
				6704D9BB238C3EF1006380A9 /* LEDStripView.swift in Sources */,
				6704D9D1238C6008006380A9 /* LEDExampleRoutine.swift in Sources */,
				6704D9B9238C3EF1006380A9 /* AppDelegate.swift in Sources */,
				6704D9CF238C5F00006380A9 /* LEDView.swift in Sources */,
			);
			runOnlyForDeploymentPostprocessing = 0;
		};
/* End PBXSourcesBuildPhase section */

/* Begin PBXVariantGroup section */
		6704D9C1238C3EF3006380A9 /* Main.storyboard */ = {
			isa = PBXVariantGroup;
			children = (
				6704D9C2238C3EF3006380A9 /* Base */,
			);
			name = Main.storyboard;
			sourceTree = "<group>";
		};
/* End PBXVariantGroup section */

/* Begin XCBuildConfiguration section */
		6704D9C6238C3EF3006380A9 /* Debug */ = {
			isa = XCBuildConfiguration;
			buildSettings = {
				ALWAYS_SEARCH_USER_PATHS = NO;
				CLANG_ANALYZER_NONNULL = YES;
				CLANG_ANALYZER_NUMBER_OBJECT_CONVERSION = YES_AGGRESSIVE;
				CLANG_CXX_LANGUAGE_STANDARD = "gnu++14";
				CLANG_CXX_LIBRARY = "libc++";
				CLANG_ENABLE_MODULES = YES;
				CLANG_ENABLE_OBJC_ARC = YES;
				CLANG_ENABLE_OBJC_WEAK = YES;
				CLANG_WARN_BLOCK_CAPTURE_AUTORELEASING = YES;
				CLANG_WARN_BOOL_CONVERSION = YES;
				CLANG_WARN_COMMA = YES;
				CLANG_WARN_CONSTANT_CONVERSION = YES;
				CLANG_WARN_DEPRECATED_OBJC_IMPLEMENTATIONS = YES;
				CLANG_WARN_DIRECT_OBJC_ISA_USAGE = YES_ERROR;
				CLANG_WARN_DOCUMENTATION_COMMENTS = YES;
				CLANG_WARN_EMPTY_BODY = YES;
				CLANG_WARN_ENUM_CONVERSION = YES;
				CLANG_WARN_INFINITE_RECURSION = YES;
				CLANG_WARN_INT_CONVERSION = YES;
				CLANG_WARN_NON_LITERAL_NULL_CONVERSION = YES;
				CLANG_WARN_OBJC_IMPLICIT_RETAIN_SELF = YES;
				CLANG_WARN_OBJC_LITERAL_CONVERSION = YES;
				CLANG_WARN_OBJC_ROOT_CLASS = YES_ERROR;
				CLANG_WARN_RANGE_LOOP_ANALYSIS = YES;
				CLANG_WARN_STRICT_PROTOTYPES = YES;
				CLANG_WARN_SUSPICIOUS_MOVE = YES;
				CLANG_WARN_UNGUARDED_AVAILABILITY = YES_AGGRESSIVE;
				CLANG_WARN_UNREACHABLE_CODE = YES;
				CLANG_WARN__DUPLICATE_METHOD_MATCH = YES;
				COPY_PHASE_STRIP = NO;
				DEBUG_INFORMATION_FORMAT = dwarf;
				ENABLE_STRICT_OBJC_MSGSEND = YES;
				ENABLE_TESTABILITY = YES;
				GCC_C_LANGUAGE_STANDARD = gnu11;
				GCC_DYNAMIC_NO_PIC = NO;
				GCC_NO_COMMON_BLOCKS = YES;
				GCC_OPTIMIZATION_LEVEL = 0;
				GCC_PREPROCESSOR_DEFINITIONS = (
					"DEBUG=1",
					"$(inherited)",
				);
				GCC_WARN_64_TO_32_BIT_CONVERSION = YES;
				GCC_WARN_ABOUT_RETURN_TYPE = YES_ERROR;
				GCC_WARN_UNDECLARED_SELECTOR = YES;
				GCC_WARN_UNINITIALIZED_AUTOS = YES_AGGRESSIVE;
				GCC_WARN_UNUSED_FUNCTION = YES;
				GCC_WARN_UNUSED_VARIABLE = YES;
				MACOSX_DEPLOYMENT_TARGET = 10.15;
				MTL_ENABLE_DEBUG_INFO = INCLUDE_SOURCE;
				MTL_FAST_MATH = YES;
				ONLY_ACTIVE_ARCH = YES;
				SDKROOT = macosx;
				SWIFT_ACTIVE_COMPILATION_CONDITIONS = DEBUG;
				SWIFT_OPTIMIZATION_LEVEL = "-Onone";
			};
			name = Debug;
		};
		6704D9C7238C3EF3006380A9 /* Release */ = {
			isa = XCBuildConfiguration;
			buildSettings = {
				ALWAYS_SEARCH_USER_PATHS = NO;
				CLANG_ANALYZER_NONNULL = YES;
				CLANG_ANALYZER_NUMBER_OBJECT_CONVERSION = YES_AGGRESSIVE;
				CLANG_CXX_LANGUAGE_STANDARD = "gnu++14";
				CLANG_CXX_LIBRARY = "libc++";
				CLANG_ENABLE_MODULES = YES;
				CLANG_ENABLE_OBJC_ARC = YES;
				CLANG_ENABLE_OBJC_WEAK = YES;
				CLANG_WARN_BLOCK_CAPTURE_AUTORELEASING = YES;
				CLANG_WARN_BOOL_CONVERSION = YES;
				CLANG_WARN_COMMA = YES;
				CLANG_WARN_CONSTANT_CONVERSION = YES;
				CLANG_WARN_DEPRECATED_OBJC_IMPLEMENTATIONS = YES;
				CLANG_WARN_DIRECT_OBJC_ISA_USAGE = YES_ERROR;
				CLANG_WARN_DOCUMENTATION_COMMENTS = YES;
				CLANG_WARN_EMPTY_BODY = YES;
				CLANG_WARN_ENUM_CONVERSION = YES;
				CLANG_WARN_INFINITE_RECURSION = YES;
				CLANG_WARN_INT_CONVERSION = YES;
				CLANG_WARN_NON_LITERAL_NULL_CONVERSION = YES;
				CLANG_WARN_OBJC_IMPLICIT_RETAIN_SELF = YES;
				CLANG_WARN_OBJC_LITERAL_CONVERSION = YES;
				CLANG_WARN_OBJC_ROOT_CLASS = YES_ERROR;
				CLANG_WARN_RANGE_LOOP_ANALYSIS = YES;
				CLANG_WARN_STRICT_PROTOTYPES = YES;
				CLANG_WARN_SUSPICIOUS_MOVE = YES;
				CLANG_WARN_UNGUARDED_AVAILABILITY = YES_AGGRESSIVE;
				CLANG_WARN_UNREACHABLE_CODE = YES;
				CLANG_WARN__DUPLICATE_METHOD_MATCH = YES;
				COPY_PHASE_STRIP = NO;
				DEBUG_INFORMATION_FORMAT = "dwarf-with-dsym";
				ENABLE_NS_ASSERTIONS = NO;
				ENABLE_STRICT_OBJC_MSGSEND = YES;
				GCC_C_LANGUAGE_STANDARD = gnu11;
				GCC_NO_COMMON_BLOCKS = YES;
				GCC_WARN_64_TO_32_BIT_CONVERSION = YES;
				GCC_WARN_ABOUT_RETURN_TYPE = YES_ERROR;
				GCC_WARN_UNDECLARED_SELECTOR = YES;
				GCC_WARN_UNINITIALIZED_AUTOS = YES_AGGRESSIVE;
				GCC_WARN_UNUSED_FUNCTION = YES;
				GCC_WARN_UNUSED_VARIABLE = YES;
				MACOSX_DEPLOYMENT_TARGET = 10.15;
				MTL_ENABLE_DEBUG_INFO = NO;
				MTL_FAST_MATH = YES;
				SDKROOT = macosx;
				SWIFT_COMPILATION_MODE = wholemodule;
				SWIFT_OPTIMIZATION_LEVEL = "-O";
			};
			name = Release;
		};
		6704D9C9238C3EF3006380A9 /* Debug */ = {
			isa = XCBuildConfiguration;
			buildSettings = {
				ASSETCATALOG_COMPILER_APPICON_NAME = AppIcon;
				CODE_SIGN_ENTITLEMENTS = SwiftLEDSimulator/SwiftLEDSimulator.entitlements;
				CODE_SIGN_STYLE = Automatic;
				COMBINE_HIDPI_IMAGES = YES;
				DEVELOPMENT_ASSET_PATHS = "\"SwiftLEDSimulator/Preview Content\"";
				DEVELOPMENT_TEAM = G68Z6JNXEP;
				ENABLE_HARDENED_RUNTIME = YES;
				ENABLE_PREVIEWS = YES;
				INFOPLIST_FILE = SwiftLEDSimulator/Info.plist;
				LD_RUNPATH_SEARCH_PATHS = (
					"$(inherited)",
					"@executable_path/../Frameworks",
				);
				MACOSX_DEPLOYMENT_TARGET = 10.15;
				PRODUCT_BUNDLE_IDENTIFIER = kevinbrewster.SwiftLEDSimulator;
				PRODUCT_NAME = "$(TARGET_NAME)";
				SWIFT_VERSION = 5.0;
			};
			name = Debug;
		};
		6704D9CA238C3EF3006380A9 /* Release */ = {
			isa = XCBuildConfiguration;
			buildSettings = {
				ASSETCATALOG_COMPILER_APPICON_NAME = AppIcon;
				CODE_SIGN_ENTITLEMENTS = SwiftLEDSimulator/SwiftLEDSimulator.entitlements;
				CODE_SIGN_STYLE = Automatic;
				COMBINE_HIDPI_IMAGES = YES;
				DEVELOPMENT_ASSET_PATHS = "\"SwiftLEDSimulator/Preview Content\"";
				DEVELOPMENT_TEAM = G68Z6JNXEP;
				ENABLE_HARDENED_RUNTIME = YES;
				ENABLE_PREVIEWS = YES;
				INFOPLIST_FILE = SwiftLEDSimulator/Info.plist;
				LD_RUNPATH_SEARCH_PATHS = (
					"$(inherited)",
					"@executable_path/../Frameworks",
				);
				MACOSX_DEPLOYMENT_TARGET = 10.15;
				PRODUCT_BUNDLE_IDENTIFIER = kevinbrewster.SwiftLEDSimulator;
				PRODUCT_NAME = "$(TARGET_NAME)";
				SWIFT_VERSION = 5.0;
			};
			name = Release;
		};
/* End XCBuildConfiguration section */

/* Begin XCConfigurationList section */
		6704D9B0238C3EF1006380A9 /* Build configuration list for PBXProject "SwiftLEDSimulator" */ = {
			isa = XCConfigurationList;
			buildConfigurations = (
				6704D9C6238C3EF3006380A9 /* Debug */,
				6704D9C7238C3EF3006380A9 /* Release */,
			);
			defaultConfigurationIsVisible = 0;
			defaultConfigurationName = Release;
		};
		6704D9C8238C3EF3006380A9 /* Build configuration list for PBXNativeTarget "SwiftLEDSimulator" */ = {
			isa = XCConfigurationList;
			buildConfigurations = (
				6704D9C9238C3EF3006380A9 /* Debug */,
				6704D9CA238C3EF3006380A9 /* Release */,
			);
			defaultConfigurationIsVisible = 0;
			defaultConfigurationName = Release;
		};
/* End XCConfigurationList section */

/* Begin XCRemoteSwiftPackageReference section */
		6704D9CB238C3F24006380A9 /* XCRemoteSwiftPackageReference "SwiftLED" */ = {
			isa = XCRemoteSwiftPackageReference;
			repositoryURL = "https://github.com/kevinbrewster/SwiftLED.git";
			requirement = {
				branch = master;
				kind = branch;
			};
		};
/* End XCRemoteSwiftPackageReference section */

/* Begin XCSwiftPackageProductDependency section */
		6704D9CC238C3F24006380A9 /* SwiftLED */ = {
			isa = XCSwiftPackageProductDependency;
			package = 6704D9CB238C3F24006380A9 /* XCRemoteSwiftPackageReference "SwiftLED" */;
			productName = SwiftLED;
		};
/* End XCSwiftPackageProductDependency section */
	};
	rootObject = 6704D9AD238C3EF1006380A9 /* Project object */;
}
